
Microsoft Visual Studio Solution File, Format Version 12.00
# Visual Studio 15
VisualStudioVersion = 15.0.28010.2036
MinimumVisualStudioVersion = 10.0.40219.1
Project("{FAE04EC0-301F-11D3-BF4B-00C04F79EFBC}") = "ZomatoAPI", "ZomatoAPI\ZomatoAPI.csproj", "{2057DC5E-53B2-43C7-8925-555592317211}"
EndProject
Global
	GlobalSection(SolutionConfigurationPlatforms) = preSolution
		Debug|Any CPU = Debug|Any CPU
		Release|Any CPU = Release|Any CPU
	EndGlobalSection
	GlobalSection(ProjectConfigurationPlatforms) = postSolution
		{2057DC5E-53B2-43C7-8925-555592317211}.Debug|Any CPU.ActiveCfg = Debug|Any CPU
		{2057DC5E-53B2-43C7-8925-555592317211}.Debug|Any CPU.Build.0 = Debug|Any CPU
		{2057DC5E-53B2-43C7-8925-555592317211}.Release|Any CPU.ActiveCfg = Release|Any CPU
		{2057DC5E-53B2-43C7-8925-555592317211}.Release|Any CPU.Build.0 = Release|Any CPU
	EndGlobalSection
	GlobalSection(SolutionProperties) = preSolution
		HideSolutionNode = FALSE
	EndGlobalSection
	GlobalSection(ExtensibilityGlobals) = postSolution
		SolutionGuid = {07DE9AC3-3DB5-48E1-B99D-6A13134B6083}
	EndGlobalSection
EndGlobal
